// !$*UTF8*$!
{
	archiveVersion = 1;
	classes = {
	};
	objectVersion = 55;
	objects = {

/* Begin PBXBuildFile section */
		BE1EA35127D6874A00E4A9D5 /* AddScreen.swift in Sources */ = {isa = PBXBuildFile; fileRef = BE1EA35027D6874A00E4A9D5 /* AddScreen.swift */; };
		BE1EA35327D6877300E4A9D5 /* AddViewController.swift in Sources */ = {isa = PBXBuildFile; fileRef = BE1EA35227D6877300E4A9D5 /* AddViewController.swift */; };
		BE3E45B027DA5C0B00633EBA /* FavoritosScreen.swift in Sources */ = {isa = PBXBuildFile; fileRef = BE3E45AF27DA5C0B00633EBA /* FavoritosScreen.swift */; };
		BE3E45B227DA5C5B00633EBA /* FavoritosViewController.swift in Sources */ = {isa = PBXBuildFile; fileRef = BE3E45B127DA5C5B00633EBA /* FavoritosViewController.swift */; };
		BE3E45B527DA5F6200633EBA /* FavoritosCollectionViewCell.swift in Sources */ = {isa = PBXBuildFile; fileRef = BE3E45B427DA5F6200633EBA /* FavoritosCollectionViewCell.swift */; };
		BE3E45B727DA5FB700633EBA /* FavoritosView.swift in Sources */ = {isa = PBXBuildFile; fileRef = BE3E45B627DA5FB700633EBA /* FavoritosView.swift */; };
		BEFABDAD27DB9A900089FFE0 /* RemoveScreen.swift in Sources */ = {isa = PBXBuildFile; fileRef = BEFABDAC27DB9A900089FFE0 /* RemoveScreen.swift */; };
		BEFABDAF27DB9AB90089FFE0 /* RemoveViewController.swift in Sources */ = {isa = PBXBuildFile; fileRef = BEFABDAE27DB9AB90089FFE0 /* RemoveViewController.swift */; };
		F802719327D8F2EE00CFC6C0 /* TabBarViewController.swift in Sources */ = {isa = PBXBuildFile; fileRef = F802719227D8F2EE00CFC6C0 /* TabBarViewController.swift */; };
		F85BC27E27D7A2BC00D60FF7 /* ListCoinView.swift in Sources */ = {isa = PBXBuildFile; fileRef = F85BC27D27D7A2BC00D60FF7 /* ListCoinView.swift */; };
		F85BC28027D7A2E700D60FF7 /* ListCoinTableViewCell.swift in Sources */ = {isa = PBXBuildFile; fileRef = F85BC27F27D7A2E700D60FF7 /* ListCoinTableViewCell.swift */; };
		F8B9427C27D62D2700DC63A2 /* AppDelegate.swift in Sources */ = {isa = PBXBuildFile; fileRef = F8B9427B27D62D2700DC63A2 /* AppDelegate.swift */; };
		F8B9428027D62D2700DC63A2 /* ListCoinViewController.swift in Sources */ = {isa = PBXBuildFile; fileRef = F8B9427F27D62D2700DC63A2 /* ListCoinViewController.swift */; };
		F8B9428527D62D2900DC63A2 /* Assets.xcassets in Resources */ = {isa = PBXBuildFile; fileRef = F8B9428427D62D2900DC63A2 /* Assets.xcassets */; };
		F8B9428827D62D2900DC63A2 /* LaunchScreen.storyboard in Resources */ = {isa = PBXBuildFile; fileRef = F8B9428627D62D2900DC63A2 /* LaunchScreen.storyboard */; };
		F8B9429327D62D2900DC63A2 /* MasterCoinTests.swift in Sources */ = {isa = PBXBuildFile; fileRef = F8B9429227D62D2900DC63A2 /* MasterCoinTests.swift */; };
		F8B9429D27D62D2900DC63A2 /* MasterCoinUITests.swift in Sources */ = {isa = PBXBuildFile; fileRef = F8B9429C27D62D2900DC63A2 /* MasterCoinUITests.swift */; };
		F8B9429F27D62D2900DC63A2 /* MasterCoinUITestsLaunchTests.swift in Sources */ = {isa = PBXBuildFile; fileRef = F8B9429E27D62D2900DC63A2 /* MasterCoinUITestsLaunchTests.swift */; };
		F8B942BD27D6373700DC63A2 /* Coordinator.swift in Sources */ = {isa = PBXBuildFile; fileRef = F8B942BC27D6373700DC63A2 /* Coordinator.swift */; };
		F8B942BF27D6384D00DC63A2 /* ListCoinCoordinator.swift in Sources */ = {isa = PBXBuildFile; fileRef = F8B942BE27D6384D00DC63A2 /* ListCoinCoordinator.swift */; };
		F8B942C127D640A500DC63A2 /* DataStore.swift in Sources */ = {isa = PBXBuildFile; fileRef = F8B942C027D640A500DC63A2 /* DataStore.swift */; };
		F8B942C327D640BD00DC63A2 /* BaseManager.swift in Sources */ = {isa = PBXBuildFile; fileRef = F8B942C227D640BD00DC63A2 /* BaseManager.swift */; };
		F8B942C527D640C900DC63A2 /* DebugLogger.swift in Sources */ = {isa = PBXBuildFile; fileRef = F8B942C427D640C900DC63A2 /* DebugLogger.swift */; };
		F8B942C727D640D400DC63A2 /* Bundle+.swift in Sources */ = {isa = PBXBuildFile; fileRef = F8B942C627D640D400DC63A2 /* Bundle+.swift */; };
		F8B942C927D640DF00DC63A2 /* File4.swift in Sources */ = {isa = PBXBuildFile; fileRef = F8B942C827D640DF00DC63A2 /* File4.swift */; };
		F8B942CB27D640E800DC63A2 /* Constants.swift in Sources */ = {isa = PBXBuildFile; fileRef = F8B942CA27D640E800DC63A2 /* Constants.swift */; };
		F8B942CD27D640F200DC63A2 /* LabelDefault.swift in Sources */ = {isa = PBXBuildFile; fileRef = F8B942CC27D640F200DC63A2 /* LabelDefault.swift */; };
		F8B942CF27D640FB00DC63A2 /* ApiProvider.swift in Sources */ = {isa = PBXBuildFile; fileRef = F8B942CE27D640FB00DC63A2 /* ApiProvider.swift */; };
		F8B942D127D6410600DC63A2 /* AssetModel.swift in Sources */ = {isa = PBXBuildFile; fileRef = F8B942D027D6410600DC63A2 /* AssetModel.swift */; };
		F8B942D327D6411200DC63A2 /* ViewModel.swift in Sources */ = {isa = PBXBuildFile; fileRef = F8B942D227D6411200DC63A2 /* ViewModel.swift */; };
		F8C9A3F427DBC5DF002682A6 /* AssetManager.swift in Sources */ = {isa = PBXBuildFile; fileRef = F8C9A3F327DBC5DF002682A6 /* AssetManager.swift */; };
		F8C9A3F627DBC63E002682A6 /* AssetsDataStore.swift in Sources */ = {isa = PBXBuildFile; fileRef = F8C9A3F527DBC63E002682A6 /* AssetsDataStore.swift */; };
		F8C9A3F827DBC6A9002682A6 /* MyResponse.swift in Sources */ = {isa = PBXBuildFile; fileRef = F8C9A3F727DBC6A9002682A6 /* MyResponse.swift */; };
		F8C9A3FA27DBC6BE002682A6 /* ApiProvider+.swift in Sources */ = {isa = PBXBuildFile; fileRef = F8C9A3F927DBC6BE002682A6 /* ApiProvider+.swift */; };
		F8C9A3FC27DBC716002682A6 /* ApiError.swift in Sources */ = {isa = PBXBuildFile; fileRef = F8C9A3FB27DBC716002682A6 /* ApiError.swift */; };
		F8C9A3FE27DBC745002682A6 /* Data+.swift in Sources */ = {isa = PBXBuildFile; fileRef = F8C9A3FD27DBC745002682A6 /* Data+.swift */; };
		F8C9A40027DBC7C3002682A6 /* AssetsViewModel.swift in Sources */ = {isa = PBXBuildFile; fileRef = F8C9A3FF27DBC7C3002682A6 /* AssetsViewModel.swift */; };
/* End PBXBuildFile section */

/* Begin PBXContainerItemProxy section */
		F8B9428F27D62D2900DC63A2 /* PBXContainerItemProxy */ = {
			isa = PBXContainerItemProxy;
			containerPortal = F8B9427027D62D2600DC63A2 /* Project object */;
			proxyType = 1;
			remoteGlobalIDString = F8B9427727D62D2600DC63A2;
			remoteInfo = MasterCoin;
		};
		F8B9429927D62D2900DC63A2 /* PBXContainerItemProxy */ = {
			isa = PBXContainerItemProxy;
			containerPortal = F8B9427027D62D2600DC63A2 /* Project object */;
			proxyType = 1;
			remoteGlobalIDString = F8B9427727D62D2600DC63A2;
			remoteInfo = MasterCoin;
		};
/* End PBXContainerItemProxy section */

/* Begin PBXFileReference section */
		BE1EA35027D6874A00E4A9D5 /* AddScreen.swift */ = {isa = PBXFileReference; lastKnownFileType = sourcecode.swift; path = AddScreen.swift; sourceTree = "<group>"; };
		BE1EA35227D6877300E4A9D5 /* AddViewController.swift */ = {isa = PBXFileReference; lastKnownFileType = sourcecode.swift; path = AddViewController.swift; sourceTree = "<group>"; };
		BE3E45AF27DA5C0B00633EBA /* FavoritosScreen.swift */ = {isa = PBXFileReference; lastKnownFileType = sourcecode.swift; path = FavoritosScreen.swift; sourceTree = "<group>"; };
		BE3E45B127DA5C5B00633EBA /* FavoritosViewController.swift */ = {isa = PBXFileReference; lastKnownFileType = sourcecode.swift; path = FavoritosViewController.swift; sourceTree = "<group>"; };
		BE3E45B427DA5F6200633EBA /* FavoritosCollectionViewCell.swift */ = {isa = PBXFileReference; lastKnownFileType = sourcecode.swift; path = FavoritosCollectionViewCell.swift; sourceTree = "<group>"; };
		BE3E45B627DA5FB700633EBA /* FavoritosView.swift */ = {isa = PBXFileReference; lastKnownFileType = sourcecode.swift; path = FavoritosView.swift; sourceTree = "<group>"; };
		BEFABDAC27DB9A900089FFE0 /* RemoveScreen.swift */ = {isa = PBXFileReference; lastKnownFileType = sourcecode.swift; path = RemoveScreen.swift; sourceTree = "<group>"; };
		BEFABDAE27DB9AB90089FFE0 /* RemoveViewController.swift */ = {isa = PBXFileReference; lastKnownFileType = sourcecode.swift; path = RemoveViewController.swift; sourceTree = "<group>"; };
		F802719227D8F2EE00CFC6C0 /* TabBarViewController.swift */ = {isa = PBXFileReference; fileEncoding = 4; lastKnownFileType = sourcecode.swift; path = TabBarViewController.swift; sourceTree = "<group>"; };
		F85BC27D27D7A2BC00D60FF7 /* ListCoinView.swift */ = {isa = PBXFileReference; lastKnownFileType = sourcecode.swift; path = ListCoinView.swift; sourceTree = "<group>"; };
		F85BC27F27D7A2E700D60FF7 /* ListCoinTableViewCell.swift */ = {isa = PBXFileReference; lastKnownFileType = sourcecode.swift; path = ListCoinTableViewCell.swift; sourceTree = "<group>"; };
		F8B9427827D62D2700DC63A2 /* MasterCoin.app */ = {isa = PBXFileReference; explicitFileType = wrapper.application; includeInIndex = 0; path = MasterCoin.app; sourceTree = BUILT_PRODUCTS_DIR; };
		F8B9427B27D62D2700DC63A2 /* AppDelegate.swift */ = {isa = PBXFileReference; lastKnownFileType = sourcecode.swift; path = AppDelegate.swift; sourceTree = "<group>"; };
		F8B9427F27D62D2700DC63A2 /* ListCoinViewController.swift */ = {isa = PBXFileReference; lastKnownFileType = sourcecode.swift; path = ListCoinViewController.swift; sourceTree = "<group>"; };
		F8B9428427D62D2900DC63A2 /* Assets.xcassets */ = {isa = PBXFileReference; lastKnownFileType = folder.assetcatalog; path = Assets.xcassets; sourceTree = "<group>"; };
		F8B9428727D62D2900DC63A2 /* Base */ = {isa = PBXFileReference; lastKnownFileType = file.storyboard; name = Base; path = Base.lproj/LaunchScreen.storyboard; sourceTree = "<group>"; };
		F8B9428927D62D2900DC63A2 /* Info.plist */ = {isa = PBXFileReference; lastKnownFileType = text.plist.xml; path = Info.plist; sourceTree = "<group>"; };
		F8B9428E27D62D2900DC63A2 /* MasterCoinTests.xctest */ = {isa = PBXFileReference; explicitFileType = wrapper.cfbundle; includeInIndex = 0; path = MasterCoinTests.xctest; sourceTree = BUILT_PRODUCTS_DIR; };
		F8B9429227D62D2900DC63A2 /* MasterCoinTests.swift */ = {isa = PBXFileReference; lastKnownFileType = sourcecode.swift; path = MasterCoinTests.swift; sourceTree = "<group>"; };
		F8B9429827D62D2900DC63A2 /* MasterCoinUITests.xctest */ = {isa = PBXFileReference; explicitFileType = wrapper.cfbundle; includeInIndex = 0; path = MasterCoinUITests.xctest; sourceTree = BUILT_PRODUCTS_DIR; };
		F8B9429C27D62D2900DC63A2 /* MasterCoinUITests.swift */ = {isa = PBXFileReference; lastKnownFileType = sourcecode.swift; path = MasterCoinUITests.swift; sourceTree = "<group>"; };
		F8B9429E27D62D2900DC63A2 /* MasterCoinUITestsLaunchTests.swift */ = {isa = PBXFileReference; lastKnownFileType = sourcecode.swift; path = MasterCoinUITestsLaunchTests.swift; sourceTree = "<group>"; };
		F8B942BC27D6373700DC63A2 /* Coordinator.swift */ = {isa = PBXFileReference; lastKnownFileType = sourcecode.swift; path = Coordinator.swift; sourceTree = "<group>"; };
		F8B942BE27D6384D00DC63A2 /* ListCoinCoordinator.swift */ = {isa = PBXFileReference; lastKnownFileType = sourcecode.swift; path = ListCoinCoordinator.swift; sourceTree = "<group>"; };
		F8B942C027D640A500DC63A2 /* DataStore.swift */ = {isa = PBXFileReference; lastKnownFileType = sourcecode.swift; path = DataStore.swift; sourceTree = "<group>"; };
		F8B942C227D640BD00DC63A2 /* BaseManager.swift */ = {isa = PBXFileReference; lastKnownFileType = sourcecode.swift; path = BaseManager.swift; sourceTree = "<group>"; };
		F8B942C427D640C900DC63A2 /* DebugLogger.swift */ = {isa = PBXFileReference; lastKnownFileType = sourcecode.swift; path = DebugLogger.swift; sourceTree = "<group>"; };
		F8B942C627D640D400DC63A2 /* Bundle+.swift */ = {isa = PBXFileReference; lastKnownFileType = sourcecode.swift; path = "Bundle+.swift"; sourceTree = "<group>"; };
		F8B942C827D640DF00DC63A2 /* File4.swift */ = {isa = PBXFileReference; lastKnownFileType = sourcecode.swift; path = File4.swift; sourceTree = "<group>"; };
		F8B942CA27D640E800DC63A2 /* Constants.swift */ = {isa = PBXFileReference; lastKnownFileType = sourcecode.swift; path = Constants.swift; sourceTree = "<group>"; };
		F8B942CC27D640F200DC63A2 /* LabelDefault.swift */ = {isa = PBXFileReference; lastKnownFileType = sourcecode.swift; path = LabelDefault.swift; sourceTree = "<group>"; };
		F8B942CE27D640FB00DC63A2 /* ApiProvider.swift */ = {isa = PBXFileReference; lastKnownFileType = sourcecode.swift; path = ApiProvider.swift; sourceTree = "<group>"; };
		F8B942D027D6410600DC63A2 /* AssetModel.swift */ = {isa = PBXFileReference; lastKnownFileType = sourcecode.swift; path = AssetModel.swift; sourceTree = "<group>"; };
		F8B942D227D6411200DC63A2 /* ViewModel.swift */ = {isa = PBXFileReference; lastKnownFileType = sourcecode.swift; path = ViewModel.swift; sourceTree = "<group>"; };
		F8C9A3F327DBC5DF002682A6 /* AssetManager.swift */ = {isa = PBXFileReference; lastKnownFileType = sourcecode.swift; path = AssetManager.swift; sourceTree = "<group>"; };
		F8C9A3F527DBC63E002682A6 /* AssetsDataStore.swift */ = {isa = PBXFileReference; lastKnownFileType = sourcecode.swift; path = AssetsDataStore.swift; sourceTree = "<group>"; };
		F8C9A3F727DBC6A9002682A6 /* MyResponse.swift */ = {isa = PBXFileReference; lastKnownFileType = sourcecode.swift; path = MyResponse.swift; sourceTree = "<group>"; };
		F8C9A3F927DBC6BE002682A6 /* ApiProvider+.swift */ = {isa = PBXFileReference; lastKnownFileType = sourcecode.swift; path = "ApiProvider+.swift"; sourceTree = "<group>"; };
		F8C9A3FB27DBC716002682A6 /* ApiError.swift */ = {isa = PBXFileReference; lastKnownFileType = sourcecode.swift; path = ApiError.swift; sourceTree = "<group>"; };
		F8C9A3FD27DBC745002682A6 /* Data+.swift */ = {isa = PBXFileReference; lastKnownFileType = sourcecode.swift; path = "Data+.swift"; sourceTree = "<group>"; };
		F8C9A3FF27DBC7C3002682A6 /* AssetsViewModel.swift */ = {isa = PBXFileReference; lastKnownFileType = sourcecode.swift; path = AssetsViewModel.swift; sourceTree = "<group>"; };
/* End PBXFileReference section */

/* Begin PBXFrameworksBuildPhase section */
		F8B9427527D62D2600DC63A2 /* Frameworks */ = {
			isa = PBXFrameworksBuildPhase;
			buildActionMask = 2147483647;
			files = (
			);
			runOnlyForDeploymentPostprocessing = 0;
		};
		F8B9428B27D62D2900DC63A2 /* Frameworks */ = {
			isa = PBXFrameworksBuildPhase;
			buildActionMask = 2147483647;
			files = (
			);
			runOnlyForDeploymentPostprocessing = 0;
		};
		F8B9429527D62D2900DC63A2 /* Frameworks */ = {
			isa = PBXFrameworksBuildPhase;
			buildActionMask = 2147483647;
			files = (
			);
			runOnlyForDeploymentPostprocessing = 0;
		};
/* End PBXFrameworksBuildPhase section */

/* Begin PBXGroup section */
		BE1EA34B27D6861C00E4A9D5 /* AddView */ = {
			isa = PBXGroup;
			children = (
				BE1EA34C27D6863200E4A9D5 /* AddViewScreen */,
				BE1EA34D27D6865100E4A9D5 /* AddViewController */,
			);
			path = AddView;
			sourceTree = "<group>";
		};
		BE1EA34C27D6863200E4A9D5 /* AddViewScreen */ = {
			isa = PBXGroup;
			children = (
				BE1EA35027D6874A00E4A9D5 /* AddScreen.swift */,
			);
			path = AddViewScreen;
			sourceTree = "<group>";
		};
		BE1EA34D27D6865100E4A9D5 /* AddViewController */ = {
			isa = PBXGroup;
			children = (
				BE1EA35227D6877300E4A9D5 /* AddViewController.swift */,
			);
			path = AddViewController;
			sourceTree = "<group>";
		};
		BE3E459727D92D8400633EBA /* FavoritosViewScreen */ = {
			isa = PBXGroup;
			children = (
				BE3E45B427DA5F6200633EBA /* FavoritosCollectionViewCell.swift */,
				BE3E45AF27DA5C0B00633EBA /* FavoritosScreen.swift */,
				BE3E45B627DA5FB700633EBA /* FavoritosView.swift */,
			);
			path = FavoritosViewScreen;
			sourceTree = "<group>";
		};
		BE3E459827D92D9800633EBA /* FavoritosViewController */ = {
			isa = PBXGroup;
			children = (
				BE3E45B127DA5C5B00633EBA /* FavoritosViewController.swift */,
			);
			path = FavoritosViewController;
			sourceTree = "<group>";
		};
		BEFABDA927DB9A240089FFE0 /* RemoveView */ = {
			isa = PBXGroup;
			children = (
				BEFABDAB27DB9A450089FFE0 /* RemoveViewController */,
				BEFABDAA27DB9A310089FFE0 /* RemoveViewScreen */,
			);
			path = RemoveView;
			sourceTree = "<group>";
		};
		BEFABDAA27DB9A310089FFE0 /* RemoveViewScreen */ = {
			isa = PBXGroup;
			children = (
				BEFABDAE27DB9AB90089FFE0 /* RemoveViewController.swift */,
			);
			path = RemoveViewScreen;
			sourceTree = "<group>";
		};
		BEFABDAB27DB9A450089FFE0 /* RemoveViewController */ = {
			isa = PBXGroup;
			children = (
				BEFABDAC27DB9A900089FFE0 /* RemoveScreen.swift */,
			);
			path = RemoveViewController;
			sourceTree = "<group>";
		};
		F802718E27D8F2B700CFC6C0 /* FavoriteCoin */ = {
			isa = PBXGroup;
			children = (
				BE3E459727D92D8400633EBA /* FavoritosViewScreen */,
				BE3E459827D92D9800633EBA /* FavoritosViewController */,
			);
			path = FavoriteCoin;
			sourceTree = "<group>";
		};
		F802719127D8F2EE00CFC6C0 /* TabBarController */ = {
			isa = PBXGroup;
			children = (
				F802719227D8F2EE00CFC6C0 /* TabBarViewController.swift */,
			);
			path = TabBarController;
			sourceTree = "<group>";
		};
		F85BC27C27D7A27200D60FF7 /* ListCoin */ = {
			isa = PBXGroup;
			children = (
				F8B9427F27D62D2700DC63A2 /* ListCoinViewController.swift */,
				F85BC27D27D7A2BC00D60FF7 /* ListCoinView.swift */,
				F85BC27F27D7A2E700D60FF7 /* ListCoinTableViewCell.swift */,
			);
			path = ListCoin;
			sourceTree = "<group>";
		};
		F8B9426F27D62D2600DC63A2 = {
			isa = PBXGroup;
			children = (
				F8B9427A27D62D2700DC63A2 /* MasterCoin */,
				F8B9429127D62D2900DC63A2 /* MasterCoinTests */,
				F8B9429B27D62D2900DC63A2 /* MasterCoinUITests */,
				F8B9427927D62D2700DC63A2 /* Products */,
			);
			sourceTree = "<group>";
		};
		F8B9427927D62D2700DC63A2 /* Products */ = {
			isa = PBXGroup;
			children = (
				F8B9427827D62D2700DC63A2 /* MasterCoin.app */,
				F8B9428E27D62D2900DC63A2 /* MasterCoinTests.xctest */,
				F8B9429827D62D2900DC63A2 /* MasterCoinUITests.xctest */,
			);
			name = Products;
			sourceTree = "<group>";
		};
		F8B9427A27D62D2700DC63A2 /* MasterCoin */ = {
			isa = PBXGroup;
			children = (
				F8B9428927D62D2900DC63A2 /* Info.plist */,
				F8B942AB27D6357400DC63A2 /* Resource */,
				F8B942AD27D635BE00DC63A2 /* Source */,
			);
			path = MasterCoin;
			sourceTree = "<group>";
		};
		F8B9429127D62D2900DC63A2 /* MasterCoinTests */ = {
			isa = PBXGroup;
			children = (
				F8B9429227D62D2900DC63A2 /* MasterCoinTests.swift */,
			);
			path = MasterCoinTests;
			sourceTree = "<group>";
		};
		F8B9429B27D62D2900DC63A2 /* MasterCoinUITests */ = {
			isa = PBXGroup;
			children = (
				F8B9429C27D62D2900DC63A2 /* MasterCoinUITests.swift */,
				F8B9429E27D62D2900DC63A2 /* MasterCoinUITestsLaunchTests.swift */,
			);
			path = MasterCoinUITests;
			sourceTree = "<group>";
		};
		F8B942AB27D6357400DC63A2 /* Resource */ = {
			isa = PBXGroup;
			children = (
				F8B9427B27D62D2700DC63A2 /* AppDelegate.swift */,
				F8B9428427D62D2900DC63A2 /* Assets.xcassets */,
				F8B942AC27D6359700DC63A2 /* Storyboard */,
			);
			path = Resource;
			sourceTree = "<group>";
		};
		F8B942AC27D6359700DC63A2 /* Storyboard */ = {
			isa = PBXGroup;
			children = (
				F8B9428627D62D2900DC63A2 /* LaunchScreen.storyboard */,
			);
			path = Storyboard;
			sourceTree = "<group>";
		};
		F8B942AD27D635BE00DC63A2 /* Source */ = {
			isa = PBXGroup;
			children = (
				F8B942AE27D635F000DC63A2 /* Api */,
				F8B942BB27D636D100DC63A2 /* Controller */,
				F8B942B327D6363500DC63A2 /* Coordinator */,
				F8B942B027D6360800DC63A2 /* DataStore */,
				F8B942B427D6364700DC63A2 /* Infrastructure */,
				F8B942B227D6362A00DC63A2 /* Model */,
				F8B942B127D6361C00DC63A2 /* ViewModel */,
			);
			path = Source;
			sourceTree = "<group>";
		};
		F8B942AE27D635F000DC63A2 /* Api */ = {
			isa = PBXGroup;
			children = (
				F8B942AF27D635F900DC63A2 /* Manager */,
			);
			path = Api;
			sourceTree = "<group>";
		};
		F8B942AF27D635F900DC63A2 /* Manager */ = {
			isa = PBXGroup;
			children = (
				F8B942C227D640BD00DC63A2 /* BaseManager.swift */,
				F8C9A3F327DBC5DF002682A6 /* AssetManager.swift */,
			);
			path = Manager;
			sourceTree = "<group>";
		};
		F8B942B027D6360800DC63A2 /* DataStore */ = {
			isa = PBXGroup;
			children = (
				F8B942C027D640A500DC63A2 /* DataStore.swift */,
				F8C9A3F527DBC63E002682A6 /* AssetsDataStore.swift */,
			);
			path = DataStore;
			sourceTree = "<group>";
		};
		F8B942B127D6361C00DC63A2 /* ViewModel */ = {
			isa = PBXGroup;
			children = (
				F8B942D227D6411200DC63A2 /* ViewModel.swift */,
				F8C9A3FF27DBC7C3002682A6 /* AssetsViewModel.swift */,
			);
			path = ViewModel;
			sourceTree = "<group>";
		};
		F8B942B227D6362A00DC63A2 /* Model */ = {
			isa = PBXGroup;
			children = (
				F8B942D027D6410600DC63A2 /* AssetModel.swift */,
			);
			path = Model;
			sourceTree = "<group>";
		};
		F8B942B327D6363500DC63A2 /* Coordinator */ = {
			isa = PBXGroup;
			children = (
				F8B942BC27D6373700DC63A2 /* Coordinator.swift */,
				F8B942BE27D6384D00DC63A2 /* ListCoinCoordinator.swift */,
			);
			path = Coordinator;
			sourceTree = "<group>";
		};
		F8B942B427D6364700DC63A2 /* Infrastructure */ = {
			isa = PBXGroup;
			children = (
				F8B942B527D6367400DC63A2 /* Api */,
				F8B942B627D6367B00DC63A2 /* Components */,
				F8B942B727D6368800DC63A2 /* Constants */,
				F8B942B827D6369900DC63A2 /* Enums */,
				F8B942B927D636A000DC63A2 /* Extensions */,
				F8B942BA27D636B200DC63A2 /* Utils */,
			);
			path = Infrastructure;
			sourceTree = "<group>";
		};
		F8B942B527D6367400DC63A2 /* Api */ = {
			isa = PBXGroup;
			children = (
				F8B942CE27D640FB00DC63A2 /* ApiProvider.swift */,
				F8C9A3F727DBC6A9002682A6 /* MyResponse.swift */,
				F8C9A3F927DBC6BE002682A6 /* ApiProvider+.swift */,
			);
			path = Api;
			sourceTree = "<group>";
		};
		F8B942B627D6367B00DC63A2 /* Components */ = {
			isa = PBXGroup;
			children = (
				F8B942CC27D640F200DC63A2 /* LabelDefault.swift */,
			);
			path = Components;
			sourceTree = "<group>";
		};
		F8B942B727D6368800DC63A2 /* Constants */ = {
			isa = PBXGroup;
			children = (
				F8B942CA27D640E800DC63A2 /* Constants.swift */,
				F8C9A3FB27DBC716002682A6 /* ApiError.swift */,
			);
			path = Constants;
			sourceTree = "<group>";
		};
		F8B942B827D6369900DC63A2 /* Enums */ = {
			isa = PBXGroup;
			children = (
				F8B942C827D640DF00DC63A2 /* File4.swift */,
			);
			path = Enums;
			sourceTree = "<group>";
		};
		F8B942B927D636A000DC63A2 /* Extensions */ = {
			isa = PBXGroup;
			children = (
				F8B942C627D640D400DC63A2 /* Bundle+.swift */,
				F8C9A3FD27DBC745002682A6 /* Data+.swift */,
			);
			path = Extensions;
			sourceTree = "<group>";
		};
		F8B942BA27D636B200DC63A2 /* Utils */ = {
			isa = PBXGroup;
			children = (
				F8B942C427D640C900DC63A2 /* DebugLogger.swift */,
			);
			path = Utils;
			sourceTree = "<group>";
		};
		F8B942BB27D636D100DC63A2 /* Controller */ = {
			isa = PBXGroup;
			children = (
				BE1EA34B27D6861C00E4A9D5 /* AddView */,
				F802718E27D8F2B700CFC6C0 /* FavoriteCoin */,
				F85BC27C27D7A27200D60FF7 /* ListCoin */,
				BEFABDA927DB9A240089FFE0 /* RemoveView */,
				F802719127D8F2EE00CFC6C0 /* TabBarController */,
			);
			path = Controller;
			sourceTree = "<group>";
		};
/* End PBXGroup section */

/* Begin PBXNativeTarget section */
		F8B9427727D62D2600DC63A2 /* MasterCoin */ = {
			isa = PBXNativeTarget;
			buildConfigurationList = F8B942A227D62D2900DC63A2 /* Build configuration list for PBXNativeTarget "MasterCoin" */;
			buildPhases = (
				F8B9427427D62D2600DC63A2 /* Sources */,
				F8B9427527D62D2600DC63A2 /* Frameworks */,
				F8B9427627D62D2600DC63A2 /* Resources */,
			);
			buildRules = (
			);
			dependencies = (
			);
			name = MasterCoin;
			productName = MasterCoin;
			productReference = F8B9427827D62D2700DC63A2 /* MasterCoin.app */;
			productType = "com.apple.product-type.application";
		};
		F8B9428D27D62D2900DC63A2 /* MasterCoinTests */ = {
			isa = PBXNativeTarget;
			buildConfigurationList = F8B942A527D62D2900DC63A2 /* Build configuration list for PBXNativeTarget "MasterCoinTests" */;
			buildPhases = (
				F8B9428A27D62D2900DC63A2 /* Sources */,
				F8B9428B27D62D2900DC63A2 /* Frameworks */,
				F8B9428C27D62D2900DC63A2 /* Resources */,
			);
			buildRules = (
			);
			dependencies = (
				F8B9429027D62D2900DC63A2 /* PBXTargetDependency */,
			);
			name = MasterCoinTests;
			productName = MasterCoinTests;
			productReference = F8B9428E27D62D2900DC63A2 /* MasterCoinTests.xctest */;
			productType = "com.apple.product-type.bundle.unit-test";
		};
		F8B9429727D62D2900DC63A2 /* MasterCoinUITests */ = {
			isa = PBXNativeTarget;
			buildConfigurationList = F8B942A827D62D2900DC63A2 /* Build configuration list for PBXNativeTarget "MasterCoinUITests" */;
			buildPhases = (
				F8B9429427D62D2900DC63A2 /* Sources */,
				F8B9429527D62D2900DC63A2 /* Frameworks */,
				F8B9429627D62D2900DC63A2 /* Resources */,
			);
			buildRules = (
			);
			dependencies = (
				F8B9429A27D62D2900DC63A2 /* PBXTargetDependency */,
			);
			name = MasterCoinUITests;
			productName = MasterCoinUITests;
			productReference = F8B9429827D62D2900DC63A2 /* MasterCoinUITests.xctest */;
			productType = "com.apple.product-type.bundle.ui-testing";
		};
/* End PBXNativeTarget section */

/* Begin PBXProject section */
		F8B9427027D62D2600DC63A2 /* Project object */ = {
			isa = PBXProject;
			attributes = {
				BuildIndependentTargetsInParallel = 1;
				LastSwiftUpdateCheck = 1320;
				LastUpgradeCheck = 1320;
				TargetAttributes = {
					F8B9427727D62D2600DC63A2 = {
						CreatedOnToolsVersion = 13.2.1;
					};
					F8B9428D27D62D2900DC63A2 = {
						CreatedOnToolsVersion = 13.2.1;
						TestTargetID = F8B9427727D62D2600DC63A2;
					};
					F8B9429727D62D2900DC63A2 = {
						CreatedOnToolsVersion = 13.2.1;
						TestTargetID = F8B9427727D62D2600DC63A2;
					};
				};
			};
			buildConfigurationList = F8B9427327D62D2600DC63A2 /* Build configuration list for PBXProject "MasterCoin" */;
			compatibilityVersion = "Xcode 13.0";
			developmentRegion = en;
			hasScannedForEncodings = 0;
			knownRegions = (
				en,
				Base,
			);
			mainGroup = F8B9426F27D62D2600DC63A2;
			productRefGroup = F8B9427927D62D2700DC63A2 /* Products */;
			projectDirPath = "";
			projectRoot = "";
			targets = (
				F8B9427727D62D2600DC63A2 /* MasterCoin */,
				F8B9428D27D62D2900DC63A2 /* MasterCoinTests */,
				F8B9429727D62D2900DC63A2 /* MasterCoinUITests */,
			);
		};
/* End PBXProject section */

/* Begin PBXResourcesBuildPhase section */
		F8B9427627D62D2600DC63A2 /* Resources */ = {
			isa = PBXResourcesBuildPhase;
			buildActionMask = 2147483647;
			files = (
				F8B9428827D62D2900DC63A2 /* LaunchScreen.storyboard in Resources */,
				F8B9428527D62D2900DC63A2 /* Assets.xcassets in Resources */,
			);
			runOnlyForDeploymentPostprocessing = 0;
		};
		F8B9428C27D62D2900DC63A2 /* Resources */ = {
			isa = PBXResourcesBuildPhase;
			buildActionMask = 2147483647;
			files = (
			);
			runOnlyForDeploymentPostprocessing = 0;
		};
		F8B9429627D62D2900DC63A2 /* Resources */ = {
			isa = PBXResourcesBuildPhase;
			buildActionMask = 2147483647;
			files = (
			);
			runOnlyForDeploymentPostprocessing = 0;
		};
/* End PBXResourcesBuildPhase section */

/* Begin PBXSourcesBuildPhase section */
		F8B9427427D62D2600DC63A2 /* Sources */ = {
			isa = PBXSourcesBuildPhase;
			buildActionMask = 2147483647;
			files = (
				F8B942C327D640BD00DC63A2 /* BaseManager.swift in Sources */,
				BE3E45B027DA5C0B00633EBA /* FavoritosScreen.swift in Sources */,
				F8C9A3FE27DBC745002682A6 /* Data+.swift in Sources */,
				BEFABDAF27DB9AB90089FFE0 /* RemoveViewController.swift in Sources */,
				F8B942CF27D640FB00DC63A2 /* ApiProvider.swift in Sources */,
				F8B942D327D6411200DC63A2 /* ViewModel.swift in Sources */,
				F8B942C727D640D400DC63A2 /* Bundle+.swift in Sources */,
				F8B9428027D62D2700DC63A2 /* ListCoinViewController.swift in Sources */,
				F8B942BF27D6384D00DC63A2 /* ListCoinCoordinator.swift in Sources */,
				F8C9A3F827DBC6A9002682A6 /* MyResponse.swift in Sources */,
				F85BC28027D7A2E700D60FF7 /* ListCoinTableViewCell.swift in Sources */,
				F8C9A3F627DBC63E002682A6 /* AssetsDataStore.swift in Sources */,
				BE3E45B227DA5C5B00633EBA /* FavoritosViewController.swift in Sources */,
				F8B942C527D640C900DC63A2 /* DebugLogger.swift in Sources */,
				F802719327D8F2EE00CFC6C0 /* TabBarViewController.swift in Sources */,
				F8C9A40027DBC7C3002682A6 /* AssetsViewModel.swift in Sources */,
				BEFABDAD27DB9A900089FFE0 /* RemoveScreen.swift in Sources */,
				F8B942CD27D640F200DC63A2 /* LabelDefault.swift in Sources */,
				BE1EA35127D6874A00E4A9D5 /* AddScreen.swift in Sources */,
				F8B9427C27D62D2700DC63A2 /* AppDelegate.swift in Sources */,
				BE1EA35327D6877300E4A9D5 /* AddViewController.swift in Sources */,
				BE3E45B727DA5FB700633EBA /* FavoritosView.swift in Sources */,
				F85BC27E27D7A2BC00D60FF7 /* ListCoinView.swift in Sources */,
				BE3E45B527DA5F6200633EBA /* FavoritosCollectionViewCell.swift in Sources */,
				F8C9A3F427DBC5DF002682A6 /* AssetManager.swift in Sources */,
				F8C9A3FC27DBC716002682A6 /* ApiError.swift in Sources */,
				F8B942C127D640A500DC63A2 /* DataStore.swift in Sources */,
				F8B942CB27D640E800DC63A2 /* Constants.swift in Sources */,
				F8C9A3FA27DBC6BE002682A6 /* ApiProvider+.swift in Sources */,
				F8B942C927D640DF00DC63A2 /* File4.swift in Sources */,
				F8B942BD27D6373700DC63A2 /* Coordinator.swift in Sources */,
				F8B942D127D6410600DC63A2 /* AssetModel.swift in Sources */,
			);
			runOnlyForDeploymentPostprocessing = 0;
		};
		F8B9428A27D62D2900DC63A2 /* Sources */ = {
			isa = PBXSourcesBuildPhase;
			buildActionMask = 2147483647;
			files = (
				F8B9429327D62D2900DC63A2 /* MasterCoinTests.swift in Sources */,
			);
			runOnlyForDeploymentPostprocessing = 0;
		};
		F8B9429427D62D2900DC63A2 /* Sources */ = {
			isa = PBXSourcesBuildPhase;
			buildActionMask = 2147483647;
			files = (
				F8B9429D27D62D2900DC63A2 /* MasterCoinUITests.swift in Sources */,
				F8B9429F27D62D2900DC63A2 /* MasterCoinUITestsLaunchTests.swift in Sources */,
			);
			runOnlyForDeploymentPostprocessing = 0;
		};
/* End PBXSourcesBuildPhase section */

/* Begin PBXTargetDependency section */
		F8B9429027D62D2900DC63A2 /* PBXTargetDependency */ = {
			isa = PBXTargetDependency;
			target = F8B9427727D62D2600DC63A2 /* MasterCoin */;
			targetProxy = F8B9428F27D62D2900DC63A2 /* PBXContainerItemProxy */;
		};
		F8B9429A27D62D2900DC63A2 /* PBXTargetDependency */ = {
			isa = PBXTargetDependency;
			target = F8B9427727D62D2600DC63A2 /* MasterCoin */;
			targetProxy = F8B9429927D62D2900DC63A2 /* PBXContainerItemProxy */;
		};
/* End PBXTargetDependency section */

/* Begin PBXVariantGroup section */
		F8B9428627D62D2900DC63A2 /* LaunchScreen.storyboard */ = {
			isa = PBXVariantGroup;
			children = (
				F8B9428727D62D2900DC63A2 /* Base */,
			);
			name = LaunchScreen.storyboard;
			sourceTree = "<group>";
		};
/* End PBXVariantGroup section */

/* Begin XCBuildConfiguration section */
		F8B942A027D62D2900DC63A2 /* Debug */ = {
			isa = XCBuildConfiguration;
			buildSettings = {
				ALWAYS_SEARCH_USER_PATHS = NO;
				CLANG_ANALYZER_NONNULL = YES;
				CLANG_ANALYZER_NUMBER_OBJECT_CONVERSION = YES_AGGRESSIVE;
				CLANG_CXX_LANGUAGE_STANDARD = "gnu++17";
				CLANG_CXX_LIBRARY = "libc++";
				CLANG_ENABLE_MODULES = YES;
				CLANG_ENABLE_OBJC_ARC = YES;
				CLANG_ENABLE_OBJC_WEAK = YES;
				CLANG_WARN_BLOCK_CAPTURE_AUTORELEASING = YES;
				CLANG_WARN_BOOL_CONVERSION = YES;
				CLANG_WARN_COMMA = YES;
				CLANG_WARN_CONSTANT_CONVERSION = YES;
				CLANG_WARN_DEPRECATED_OBJC_IMPLEMENTATIONS = YES;
				CLANG_WARN_DIRECT_OBJC_ISA_USAGE = YES_ERROR;
				CLANG_WARN_DOCUMENTATION_COMMENTS = YES;
				CLANG_WARN_EMPTY_BODY = YES;
				CLANG_WARN_ENUM_CONVERSION = YES;
				CLANG_WARN_INFINITE_RECURSION = YES;
				CLANG_WARN_INT_CONVERSION = YES;
				CLANG_WARN_NON_LITERAL_NULL_CONVERSION = YES;
				CLANG_WARN_OBJC_IMPLICIT_RETAIN_SELF = YES;
				CLANG_WARN_OBJC_LITERAL_CONVERSION = YES;
				CLANG_WARN_OBJC_ROOT_CLASS = YES_ERROR;
				CLANG_WARN_QUOTED_INCLUDE_IN_FRAMEWORK_HEADER = YES;
				CLANG_WARN_RANGE_LOOP_ANALYSIS = YES;
				CLANG_WARN_STRICT_PROTOTYPES = YES;
				CLANG_WARN_SUSPICIOUS_MOVE = YES;
				CLANG_WARN_UNGUARDED_AVAILABILITY = YES_AGGRESSIVE;
				CLANG_WARN_UNREACHABLE_CODE = YES;
				CLANG_WARN__DUPLICATE_METHOD_MATCH = YES;
				COPY_PHASE_STRIP = NO;
				DEBUG_INFORMATION_FORMAT = dwarf;
				ENABLE_STRICT_OBJC_MSGSEND = YES;
				ENABLE_TESTABILITY = YES;
				GCC_C_LANGUAGE_STANDARD = gnu11;
				GCC_DYNAMIC_NO_PIC = NO;
				GCC_NO_COMMON_BLOCKS = YES;
				GCC_OPTIMIZATION_LEVEL = 0;
				GCC_PREPROCESSOR_DEFINITIONS = (
					"DEBUG=1",
					"$(inherited)",
				);
				GCC_WARN_64_TO_32_BIT_CONVERSION = YES;
				GCC_WARN_ABOUT_RETURN_TYPE = YES_ERROR;
				GCC_WARN_UNDECLARED_SELECTOR = YES;
				GCC_WARN_UNINITIALIZED_AUTOS = YES_AGGRESSIVE;
				GCC_WARN_UNUSED_FUNCTION = YES;
				GCC_WARN_UNUSED_VARIABLE = YES;
				IPHONEOS_DEPLOYMENT_TARGET = 15.2;
				MTL_ENABLE_DEBUG_INFO = INCLUDE_SOURCE;
				MTL_FAST_MATH = YES;
				ONLY_ACTIVE_ARCH = YES;
				SDKROOT = iphoneos;
				SWIFT_ACTIVE_COMPILATION_CONDITIONS = DEBUG;
				SWIFT_OPTIMIZATION_LEVEL = "-Onone";
			};
			name = Debug;
		};
		F8B942A127D62D2900DC63A2 /* Release */ = {
			isa = XCBuildConfiguration;
			buildSettings = {
				ALWAYS_SEARCH_USER_PATHS = NO;
				CLANG_ANALYZER_NONNULL = YES;
				CLANG_ANALYZER_NUMBER_OBJECT_CONVERSION = YES_AGGRESSIVE;
				CLANG_CXX_LANGUAGE_STANDARD = "gnu++17";
				CLANG_CXX_LIBRARY = "libc++";
				CLANG_ENABLE_MODULES = YES;
				CLANG_ENABLE_OBJC_ARC = YES;
				CLANG_ENABLE_OBJC_WEAK = YES;
				CLANG_WARN_BLOCK_CAPTURE_AUTORELEASING = YES;
				CLANG_WARN_BOOL_CONVERSION = YES;
				CLANG_WARN_COMMA = YES;
				CLANG_WARN_CONSTANT_CONVERSION = YES;
				CLANG_WARN_DEPRECATED_OBJC_IMPLEMENTATIONS = YES;
				CLANG_WARN_DIRECT_OBJC_ISA_USAGE = YES_ERROR;
				CLANG_WARN_DOCUMENTATION_COMMENTS = YES;
				CLANG_WARN_EMPTY_BODY = YES;
				CLANG_WARN_ENUM_CONVERSION = YES;
				CLANG_WARN_INFINITE_RECURSION = YES;
				CLANG_WARN_INT_CONVERSION = YES;
				CLANG_WARN_NON_LITERAL_NULL_CONVERSION = YES;
				CLANG_WARN_OBJC_IMPLICIT_RETAIN_SELF = YES;
				CLANG_WARN_OBJC_LITERAL_CONVERSION = YES;
				CLANG_WARN_OBJC_ROOT_CLASS = YES_ERROR;
				CLANG_WARN_QUOTED_INCLUDE_IN_FRAMEWORK_HEADER = YES;
				CLANG_WARN_RANGE_LOOP_ANALYSIS = YES;
				CLANG_WARN_STRICT_PROTOTYPES = YES;
				CLANG_WARN_SUSPICIOUS_MOVE = YES;
				CLANG_WARN_UNGUARDED_AVAILABILITY = YES_AGGRESSIVE;
				CLANG_WARN_UNREACHABLE_CODE = YES;
				CLANG_WARN__DUPLICATE_METHOD_MATCH = YES;
				COPY_PHASE_STRIP = NO;
				DEBUG_INFORMATION_FORMAT = "dwarf-with-dsym";
				ENABLE_NS_ASSERTIONS = NO;
				ENABLE_STRICT_OBJC_MSGSEND = YES;
				GCC_C_LANGUAGE_STANDARD = gnu11;
				GCC_NO_COMMON_BLOCKS = YES;
				GCC_WARN_64_TO_32_BIT_CONVERSION = YES;
				GCC_WARN_ABOUT_RETURN_TYPE = YES_ERROR;
				GCC_WARN_UNDECLARED_SELECTOR = YES;
				GCC_WARN_UNINITIALIZED_AUTOS = YES_AGGRESSIVE;
				GCC_WARN_UNUSED_FUNCTION = YES;
				GCC_WARN_UNUSED_VARIABLE = YES;
				IPHONEOS_DEPLOYMENT_TARGET = 15.2;
				MTL_ENABLE_DEBUG_INFO = NO;
				MTL_FAST_MATH = YES;
				SDKROOT = iphoneos;
				SWIFT_COMPILATION_MODE = wholemodule;
				SWIFT_OPTIMIZATION_LEVEL = "-O";
				VALIDATE_PRODUCT = YES;
			};
			name = Release;
		};
		F8B942A327D62D2900DC63A2 /* Debug */ = {
			isa = XCBuildConfiguration;
			buildSettings = {
				ASSETCATALOG_COMPILER_APPICON_NAME = AppIcon;
				ASSETCATALOG_COMPILER_GLOBAL_ACCENT_COLOR_NAME = AccentColor;
				CODE_SIGN_STYLE = Automatic;
				CURRENT_PROJECT_VERSION = 1;
				GENERATE_INFOPLIST_FILE = YES;
				INFOPLIST_FILE = MasterCoin/Info.plist;
				INFOPLIST_KEY_UIApplicationSupportsIndirectInputEvents = YES;
				INFOPLIST_KEY_UILaunchStoryboardName = LaunchScreen;
				INFOPLIST_KEY_UISupportedInterfaceOrientations_iPad = "UIInterfaceOrientationPortrait UIInterfaceOrientationPortraitUpsideDown UIInterfaceOrientationLandscapeLeft UIInterfaceOrientationLandscapeRight";
				INFOPLIST_KEY_UISupportedInterfaceOrientations_iPhone = "UIInterfaceOrientationPortrait UIInterfaceOrientationLandscapeLeft UIInterfaceOrientationLandscapeRight";
				IPHONEOS_DEPLOYMENT_TARGET = 10.0;
				LD_RUNPATH_SEARCH_PATHS = (
					"$(inherited)",
					"@executable_path/Frameworks",
				);
				MARKETING_VERSION = 1.0;
				PRODUCT_BUNDLE_IDENTIFIER = com.nikolas.MasterCoin;
				PRODUCT_NAME = "$(TARGET_NAME)";
				SWIFT_EMIT_LOC_STRINGS = YES;
				SWIFT_VERSION = 5.0;
				TARGETED_DEVICE_FAMILY = "1,2";
			};
			name = Debug;
		};
		F8B942A427D62D2900DC63A2 /* Release */ = {
			isa = XCBuildConfiguration;
			buildSettings = {
				ASSETCATALOG_COMPILER_APPICON_NAME = AppIcon;
				ASSETCATALOG_COMPILER_GLOBAL_ACCENT_COLOR_NAME = AccentColor;
				CODE_SIGN_STYLE = Automatic;
				CURRENT_PROJECT_VERSION = 1;
				GENERATE_INFOPLIST_FILE = YES;
				INFOPLIST_FILE = MasterCoin/Info.plist;
				INFOPLIST_KEY_UIApplicationSupportsIndirectInputEvents = YES;
				INFOPLIST_KEY_UILaunchStoryboardName = LaunchScreen;
				INFOPLIST_KEY_UISupportedInterfaceOrientations_iPad = "UIInterfaceOrientationPortrait UIInterfaceOrientationPortraitUpsideDown UIInterfaceOrientationLandscapeLeft UIInterfaceOrientationLandscapeRight";
				INFOPLIST_KEY_UISupportedInterfaceOrientations_iPhone = "UIInterfaceOrientationPortrait UIInterfaceOrientationLandscapeLeft UIInterfaceOrientationLandscapeRight";
				IPHONEOS_DEPLOYMENT_TARGET = 10.0;
				LD_RUNPATH_SEARCH_PATHS = (
					"$(inherited)",
					"@executable_path/Frameworks",
				);
				MARKETING_VERSION = 1.0;
				PRODUCT_BUNDLE_IDENTIFIER = com.nikolas.MasterCoin;
				PRODUCT_NAME = "$(TARGET_NAME)";
				SWIFT_EMIT_LOC_STRINGS = YES;
				SWIFT_VERSION = 5.0;
				TARGETED_DEVICE_FAMILY = "1,2";
			};
			name = Release;
		};
		F8B942A627D62D2900DC63A2 /* Debug */ = {
			isa = XCBuildConfiguration;
			buildSettings = {
				ALWAYS_EMBED_SWIFT_STANDARD_LIBRARIES = YES;
				BUNDLE_LOADER = "$(TEST_HOST)";
				CODE_SIGN_STYLE = Automatic;
				CURRENT_PROJECT_VERSION = 1;
				GENERATE_INFOPLIST_FILE = YES;
				IPHONEOS_DEPLOYMENT_TARGET = 15.2;
				MARKETING_VERSION = 1.0;
				PRODUCT_BUNDLE_IDENTIFIER = com.nikolas.MasterCoinTests;
				PRODUCT_NAME = "$(TARGET_NAME)";
				SWIFT_EMIT_LOC_STRINGS = NO;
				SWIFT_VERSION = 5.0;
				TARGETED_DEVICE_FAMILY = "1,2";
				TEST_HOST = "$(BUILT_PRODUCTS_DIR)/MasterCoin.app/MasterCoin";
			};
			name = Debug;
		};
		F8B942A727D62D2900DC63A2 /* Release */ = {
			isa = XCBuildConfiguration;
			buildSettings = {
				ALWAYS_EMBED_SWIFT_STANDARD_LIBRARIES = YES;
				BUNDLE_LOADER = "$(TEST_HOST)";
				CODE_SIGN_STYLE = Automatic;
				CURRENT_PROJECT_VERSION = 1;
				GENERATE_INFOPLIST_FILE = YES;
				IPHONEOS_DEPLOYMENT_TARGET = 15.2;
				MARKETING_VERSION = 1.0;
				PRODUCT_BUNDLE_IDENTIFIER = com.nikolas.MasterCoinTests;
				PRODUCT_NAME = "$(TARGET_NAME)";
				SWIFT_EMIT_LOC_STRINGS = NO;
				SWIFT_VERSION = 5.0;
				TARGETED_DEVICE_FAMILY = "1,2";
				TEST_HOST = "$(BUILT_PRODUCTS_DIR)/MasterCoin.app/MasterCoin";
			};
			name = Release;
		};
		F8B942A927D62D2900DC63A2 /* Debug */ = {
			isa = XCBuildConfiguration;
			buildSettings = {
				ALWAYS_EMBED_SWIFT_STANDARD_LIBRARIES = YES;
				CODE_SIGN_STYLE = Automatic;
				CURRENT_PROJECT_VERSION = 1;
				GENERATE_INFOPLIST_FILE = YES;
				MARKETING_VERSION = 1.0;
				PRODUCT_BUNDLE_IDENTIFIER = com.nikolas.MasterCoinUITests;
				PRODUCT_NAME = "$(TARGET_NAME)";
				SWIFT_EMIT_LOC_STRINGS = NO;
				SWIFT_VERSION = 5.0;
				TARGETED_DEVICE_FAMILY = "1,2";
				TEST_TARGET_NAME = MasterCoin;
			};
			name = Debug;
		};
		F8B942AA27D62D2900DC63A2 /* Release */ = {
			isa = XCBuildConfiguration;
			buildSettings = {
				ALWAYS_EMBED_SWIFT_STANDARD_LIBRARIES = YES;
				CODE_SIGN_STYLE = Automatic;
				CURRENT_PROJECT_VERSION = 1;
				GENERATE_INFOPLIST_FILE = YES;
				MARKETING_VERSION = 1.0;
				PRODUCT_BUNDLE_IDENTIFIER = com.nikolas.MasterCoinUITests;
				PRODUCT_NAME = "$(TARGET_NAME)";
				SWIFT_EMIT_LOC_STRINGS = NO;
				SWIFT_VERSION = 5.0;
				TARGETED_DEVICE_FAMILY = "1,2";
				TEST_TARGET_NAME = MasterCoin;
			};
			name = Release;
		};
/* End XCBuildConfiguration section */

/* Begin XCConfigurationList section */
		F8B9427327D62D2600DC63A2 /* Build configuration list for PBXProject "MasterCoin" */ = {
			isa = XCConfigurationList;
			buildConfigurations = (
				F8B942A027D62D2900DC63A2 /* Debug */,
				F8B942A127D62D2900DC63A2 /* Release */,
			);
			defaultConfigurationIsVisible = 0;
			defaultConfigurationName = Release;
		};
		F8B942A227D62D2900DC63A2 /* Build configuration list for PBXNativeTarget "MasterCoin" */ = {
			isa = XCConfigurationList;
			buildConfigurations = (
				F8B942A327D62D2900DC63A2 /* Debug */,
				F8B942A427D62D2900DC63A2 /* Release */,
			);
			defaultConfigurationIsVisible = 0;
			defaultConfigurationName = Release;
		};
		F8B942A527D62D2900DC63A2 /* Build configuration list for PBXNativeTarget "MasterCoinTests" */ = {
			isa = XCConfigurationList;
			buildConfigurations = (
				F8B942A627D62D2900DC63A2 /* Debug */,
				F8B942A727D62D2900DC63A2 /* Release */,
			);
			defaultConfigurationIsVisible = 0;
			defaultConfigurationName = Release;
		};
		F8B942A827D62D2900DC63A2 /* Build configuration list for PBXNativeTarget "MasterCoinUITests" */ = {
			isa = XCConfigurationList;
			buildConfigurations = (
				F8B942A927D62D2900DC63A2 /* Debug */,
				F8B942AA27D62D2900DC63A2 /* Release */,
			);
			defaultConfigurationIsVisible = 0;
			defaultConfigurationName = Release;
		};
/* End XCConfigurationList section */
	};
	rootObject = F8B9427027D62D2600DC63A2 /* Project object */;
}
