// !$*UTF8*$!
{
	archiveVersion = 1;
	classes = {
	};
	objectVersion = 55;
	objects = {

/* Begin PBXBuildFile section */
		F8B9427C27D62D2700DC63A2 /* AppDelegate.swift in Sources */ = {isa = PBXBuildFile; fileRef = F8B9427B27D62D2700DC63A2 /* AppDelegate.swift */; };
		F8B9427E27D62D2700DC63A2 /* SceneDelegate.swift in Sources */ = {isa = PBXBuildFile; fileRef = F8B9427D27D62D2700DC63A2 /* SceneDelegate.swift */; };
		F8B9428027D62D2700DC63A2 /* ViewController.swift in Sources */ = {isa = PBXBuildFile; fileRef = F8B9427F27D62D2700DC63A2 /* ViewController.swift */; };
		F8B9428327D62D2700DC63A2 /* Main.storyboard in Resources */ = {isa = PBXBuildFile; fileRef = F8B9428127D62D2700DC63A2 /* Main.storyboard */; };
		F8B9428527D62D2900DC63A2 /* Assets.xcassets in Resources */ = {isa = PBXBuildFile; fileRef = F8B9428427D62D2900DC63A2 /* Assets.xcassets */; };
		F8B9428827D62D2900DC63A2 /* LaunchScreen.storyboard in Resources */ = {isa = PBXBuildFile; fileRef = F8B9428627D62D2900DC63A2 /* LaunchScreen.storyboard */; };
		F8B9429327D62D2900DC63A2 /* MasterCoinTests.swift in Sources */ = {isa = PBXBuildFile; fileRef = F8B9429227D62D2900DC63A2 /* MasterCoinTests.swift */; };
		F8B9429D27D62D2900DC63A2 /* MasterCoinUITests.swift in Sources */ = {isa = PBXBuildFile; fileRef = F8B9429C27D62D2900DC63A2 /* MasterCoinUITests.swift */; };
		F8B9429F27D62D2900DC63A2 /* MasterCoinUITestsLaunchTests.swift in Sources */ = {isa = PBXBuildFile; fileRef = F8B9429E27D62D2900DC63A2 /* MasterCoinUITestsLaunchTests.swift */; };
/* End PBXBuildFile section */

/* Begin PBXContainerItemProxy section */
		F8B9428F27D62D2900DC63A2 /* PBXContainerItemProxy */ = {
			isa = PBXContainerItemProxy;
			containerPortal = F8B9427027D62D2600DC63A2 /* Project object */;
			proxyType = 1;
			remoteGlobalIDString = F8B9427727D62D2600DC63A2;
			remoteInfo = MasterCoin;
		};
		F8B9429927D62D2900DC63A2 /* PBXContainerItemProxy */ = {
			isa = PBXContainerItemProxy;
			containerPortal = F8B9427027D62D2600DC63A2 /* Project object */;
			proxyType = 1;
			remoteGlobalIDString = F8B9427727D62D2600DC63A2;
			remoteInfo = MasterCoin;
		};
/* End PBXContainerItemProxy section */

/* Begin PBXFileReference section */
		F8B9427827D62D2700DC63A2 /* MasterCoin.app */ = {isa = PBXFileReference; explicitFileType = wrapper.application; includeInIndex = 0; path = MasterCoin.app; sourceTree = BUILT_PRODUCTS_DIR; };
		F8B9427B27D62D2700DC63A2 /* AppDelegate.swift */ = {isa = PBXFileReference; lastKnownFileType = sourcecode.swift; path = AppDelegate.swift; sourceTree = "<group>"; };
		F8B9427D27D62D2700DC63A2 /* SceneDelegate.swift */ = {isa = PBXFileReference; lastKnownFileType = sourcecode.swift; path = SceneDelegate.swift; sourceTree = "<group>"; };
		F8B9427F27D62D2700DC63A2 /* ViewController.swift */ = {isa = PBXFileReference; lastKnownFileType = sourcecode.swift; path = ViewController.swift; sourceTree = "<group>"; };
		F8B9428227D62D2700DC63A2 /* Base */ = {isa = PBXFileReference; lastKnownFileType = file.storyboard; name = Base; path = Base.lproj/Main.storyboard; sourceTree = "<group>"; };
		F8B9428427D62D2900DC63A2 /* Assets.xcassets */ = {isa = PBXFileReference; lastKnownFileType = folder.assetcatalog; path = Assets.xcassets; sourceTree = "<group>"; };
		F8B9428727D62D2900DC63A2 /* Base */ = {isa = PBXFileReference; lastKnownFileType = file.storyboard; name = Base; path = Base.lproj/LaunchScreen.storyboard; sourceTree = "<group>"; };
		F8B9428927D62D2900DC63A2 /* Info.plist */ = {isa = PBXFileReference; lastKnownFileType = text.plist.xml; path = Info.plist; sourceTree = "<group>"; };
		F8B9428E27D62D2900DC63A2 /* MasterCoinTests.xctest */ = {isa = PBXFileReference; explicitFileType = wrapper.cfbundle; includeInIndex = 0; path = MasterCoinTests.xctest; sourceTree = BUILT_PRODUCTS_DIR; };
		F8B9429227D62D2900DC63A2 /* MasterCoinTests.swift */ = {isa = PBXFileReference; lastKnownFileType = sourcecode.swift; path = MasterCoinTests.swift; sourceTree = "<group>"; };
		F8B9429827D62D2900DC63A2 /* MasterCoinUITests.xctest */ = {isa = PBXFileReference; explicitFileType = wrapper.cfbundle; includeInIndex = 0; path = MasterCoinUITests.xctest; sourceTree = BUILT_PRODUCTS_DIR; };
		F8B9429C27D62D2900DC63A2 /* MasterCoinUITests.swift */ = {isa = PBXFileReference; lastKnownFileType = sourcecode.swift; path = MasterCoinUITests.swift; sourceTree = "<group>"; };
		F8B9429E27D62D2900DC63A2 /* MasterCoinUITestsLaunchTests.swift */ = {isa = PBXFileReference; lastKnownFileType = sourcecode.swift; path = MasterCoinUITestsLaunchTests.swift; sourceTree = "<group>"; };
/* End PBXFileReference section */

/* Begin PBXFrameworksBuildPhase section */
		F8B9427527D62D2600DC63A2 /* Frameworks */ = {
			isa = PBXFrameworksBuildPhase;
			buildActionMask = 2147483647;
			files = (
			);
			runOnlyForDeploymentPostprocessing = 0;
		};
		F8B9428B27D62D2900DC63A2 /* Frameworks */ = {
			isa = PBXFrameworksBuildPhase;
			buildActionMask = 2147483647;
			files = (
			);
			runOnlyForDeploymentPostprocessing = 0;
		};
		F8B9429527D62D2900DC63A2 /* Frameworks */ = {
			isa = PBXFrameworksBuildPhase;
			buildActionMask = 2147483647;
			files = (
			);
			runOnlyForDeploymentPostprocessing = 0;
		};
/* End PBXFrameworksBuildPhase section */

/* Begin PBXGroup section */
		F8B9426F27D62D2600DC63A2 = {
			isa = PBXGroup;
			children = (
				F8B9427A27D62D2700DC63A2 /* MasterCoin */,
				F8B9429127D62D2900DC63A2 /* MasterCoinTests */,
				F8B9429B27D62D2900DC63A2 /* MasterCoinUITests */,
				F8B9427927D62D2700DC63A2 /* Products */,
			);
			sourceTree = "<group>";
		};
		F8B9427927D62D2700DC63A2 /* Products */ = {
			isa = PBXGroup;
			children = (
				F8B9427827D62D2700DC63A2 /* MasterCoin.app */,
				F8B9428E27D62D2900DC63A2 /* MasterCoinTests.xctest */,
				F8B9429827D62D2900DC63A2 /* MasterCoinUITests.xctest */,
			);
			name = Products;
			sourceTree = "<group>";
		};
		F8B9427A27D62D2700DC63A2 /* MasterCoin */ = {
			isa = PBXGroup;
			children = (
				F8B9427B27D62D2700DC63A2 /* AppDelegate.swift */,
				F8B9427D27D62D2700DC63A2 /* SceneDelegate.swift */,
				F8B9427F27D62D2700DC63A2 /* ViewController.swift */,
				F8B9428127D62D2700DC63A2 /* Main.storyboard */,
				F8B9428427D62D2900DC63A2 /* Assets.xcassets */,
				F8B9428627D62D2900DC63A2 /* LaunchScreen.storyboard */,
				F8B9428927D62D2900DC63A2 /* Info.plist */,
			);
			path = MasterCoin;
			sourceTree = "<group>";
		};
		F8B9429127D62D2900DC63A2 /* MasterCoinTests */ = {
			isa = PBXGroup;
			children = (
				F8B9429227D62D2900DC63A2 /* MasterCoinTests.swift */,
			);
			path = MasterCoinTests;
			sourceTree = "<group>";
		};
		F8B9429B27D62D2900DC63A2 /* MasterCoinUITests */ = {
			isa = PBXGroup;
			children = (
				F8B9429C27D62D2900DC63A2 /* MasterCoinUITests.swift */,
				F8B9429E27D62D2900DC63A2 /* MasterCoinUITestsLaunchTests.swift */,
			);
			path = MasterCoinUITests;
			sourceTree = "<group>";
		};
/* End PBXGroup section */

/* Begin PBXNativeTarget section */
		F8B9427727D62D2600DC63A2 /* MasterCoin */ = {
			isa = PBXNativeTarget;
			buildConfigurationList = F8B942A227D62D2900DC63A2 /* Build configuration list for PBXNativeTarget "MasterCoin" */;
			buildPhases = (
				F8B9427427D62D2600DC63A2 /* Sources */,
				F8B9427527D62D2600DC63A2 /* Frameworks */,
				F8B9427627D62D2600DC63A2 /* Resources */,
			);
			buildRules = (
			);
			dependencies = (
			);
			name = MasterCoin;
			productName = MasterCoin;
			productReference = F8B9427827D62D2700DC63A2 /* MasterCoin.app */;
			productType = "com.apple.product-type.application";
		};
		F8B9428D27D62D2900DC63A2 /* MasterCoinTests */ = {
			isa = PBXNativeTarget;
			buildConfigurationList = F8B942A527D62D2900DC63A2 /* Build configuration list for PBXNativeTarget "MasterCoinTests" */;
			buildPhases = (
				F8B9428A27D62D2900DC63A2 /* Sources */,
				F8B9428B27D62D2900DC63A2 /* Frameworks */,
				F8B9428C27D62D2900DC63A2 /* Resources */,
			);
			buildRules = (
			);
			dependencies = (
				F8B9429027D62D2900DC63A2 /* PBXTargetDependency */,
			);
			name = MasterCoinTests;
			productName = MasterCoinTests;
			productReference = F8B9428E27D62D2900DC63A2 /* MasterCoinTests.xctest */;
			productType = "com.apple.product-type.bundle.unit-test";
		};
		F8B9429727D62D2900DC63A2 /* MasterCoinUITests */ = {
			isa = PBXNativeTarget;
			buildConfigurationList = F8B942A827D62D2900DC63A2 /* Build configuration list for PBXNativeTarget "MasterCoinUITests" */;
			buildPhases = (
				F8B9429427D62D2900DC63A2 /* Sources */,
				F8B9429527D62D2900DC63A2 /* Frameworks */,
				F8B9429627D62D2900DC63A2 /* Resources */,
			);
			buildRules = (
			);
			dependencies = (
				F8B9429A27D62D2900DC63A2 /* PBXTargetDependency */,
			);
			name = MasterCoinUITests;
			productName = MasterCoinUITests;
			productReference = F8B9429827D62D2900DC63A2 /* MasterCoinUITests.xctest */;
			productType = "com.apple.product-type.bundle.ui-testing";
		};
/* End PBXNativeTarget section */

/* Begin PBXProject section */
		F8B9427027D62D2600DC63A2 /* Project object */ = {
			isa = PBXProject;
			attributes = {
				BuildIndependentTargetsInParallel = 1;
				LastSwiftUpdateCheck = 1320;
				LastUpgradeCheck = 1320;
				TargetAttributes = {
					F8B9427727D62D2600DC63A2 = {
						CreatedOnToolsVersion = 13.2.1;
					};
					F8B9428D27D62D2900DC63A2 = {
						CreatedOnToolsVersion = 13.2.1;
						TestTargetID = F8B9427727D62D2600DC63A2;
					};
					F8B9429727D62D2900DC63A2 = {
						CreatedOnToolsVersion = 13.2.1;
						TestTargetID = F8B9427727D62D2600DC63A2;
					};
				};
			};
			buildConfigurationList = F8B9427327D62D2600DC63A2 /* Build configuration list for PBXProject "MasterCoin" */;
			compatibilityVersion = "Xcode 13.0";
			developmentRegion = en;
			hasScannedForEncodings = 0;
			knownRegions = (
				en,
				Base,
			);
			mainGroup = F8B9426F27D62D2600DC63A2;
			productRefGroup = F8B9427927D62D2700DC63A2 /* Products */;
			projectDirPath = "";
			projectRoot = "";
			targets = (
				F8B9427727D62D2600DC63A2 /* MasterCoin */,
				F8B9428D27D62D2900DC63A2 /* MasterCoinTests */,
				F8B9429727D62D2900DC63A2 /* MasterCoinUITests */,
			);
		};
/* End PBXProject section */

/* Begin PBXResourcesBuildPhase section */
		F8B9427627D62D2600DC63A2 /* Resources */ = {
			isa = PBXResourcesBuildPhase;
			buildActionMask = 2147483647;
			files = (
				F8B9428827D62D2900DC63A2 /* LaunchScreen.storyboard in Resources */,
				F8B9428527D62D2900DC63A2 /* Assets.xcassets in Resources */,
				F8B9428327D62D2700DC63A2 /* Main.storyboard in Resources */,
			);
			runOnlyForDeploymentPostprocessing = 0;
		};
		F8B9428C27D62D2900DC63A2 /* Resources */ = {
			isa = PBXResourcesBuildPhase;
			buildActionMask = 2147483647;
			files = (
			);
			runOnlyForDeploymentPostprocessing = 0;
		};
		F8B9429627D62D2900DC63A2 /* Resources */ = {
			isa = PBXResourcesBuildPhase;
			buildActionMask = 2147483647;
			files = (
			);
			runOnlyForDeploymentPostprocessing = 0;
		};
/* End PBXResourcesBuildPhase section */

/* Begin PBXSourcesBuildPhase section */
		F8B9427427D62D2600DC63A2 /* Sources */ = {
			isa = PBXSourcesBuildPhase;
			buildActionMask = 2147483647;
			files = (
				F8B9428027D62D2700DC63A2 /* ViewController.swift in Sources */,
				F8B9427C27D62D2700DC63A2 /* AppDelegate.swift in Sources */,
				F8B9427E27D62D2700DC63A2 /* SceneDelegate.swift in Sources */,
			);
			runOnlyForDeploymentPostprocessing = 0;
		};
		F8B9428A27D62D2900DC63A2 /* Sources */ = {
			isa = PBXSourcesBuildPhase;
			buildActionMask = 2147483647;
			files = (
				F8B9429327D62D2900DC63A2 /* MasterCoinTests.swift in Sources */,
			);
			runOnlyForDeploymentPostprocessing = 0;
		};
		F8B9429427D62D2900DC63A2 /* Sources */ = {
			isa = PBXSourcesBuildPhase;
			buildActionMask = 2147483647;
			files = (
				F8B9429D27D62D2900DC63A2 /* MasterCoinUITests.swift in Sources */,
				F8B9429F27D62D2900DC63A2 /* MasterCoinUITestsLaunchTests.swift in Sources */,
			);
			runOnlyForDeploymentPostprocessing = 0;
		};
/* End PBXSourcesBuildPhase section */

/* Begin PBXTargetDependency section */
		F8B9429027D62D2900DC63A2 /* PBXTargetDependency */ = {
			isa = PBXTargetDependency;
			target = F8B9427727D62D2600DC63A2 /* MasterCoin */;
			targetProxy = F8B9428F27D62D2900DC63A2 /* PBXContainerItemProxy */;
		};
		F8B9429A27D62D2900DC63A2 /* PBXTargetDependency */ = {
			isa = PBXTargetDependency;
			target = F8B9427727D62D2600DC63A2 /* MasterCoin */;
			targetProxy = F8B9429927D62D2900DC63A2 /* PBXContainerItemProxy */;
		};
/* End PBXTargetDependency section */

/* Begin PBXVariantGroup section */
		F8B9428127D62D2700DC63A2 /* Main.storyboard */ = {
			isa = PBXVariantGroup;
			children = (
				F8B9428227D62D2700DC63A2 /* Base */,
			);
			name = Main.storyboard;
			sourceTree = "<group>";
		};
		F8B9428627D62D2900DC63A2 /* LaunchScreen.storyboard */ = {
			isa = PBXVariantGroup;
			children = (
				F8B9428727D62D2900DC63A2 /* Base */,
			);
			name = LaunchScreen.storyboard;
			sourceTree = "<group>";
		};
/* End PBXVariantGroup section */

/* Begin XCBuildConfiguration section */
		F8B942A027D62D2900DC63A2 /* Debug */ = {
			isa = XCBuildConfiguration;
			buildSettings = {
				ALWAYS_SEARCH_USER_PATHS = NO;
				CLANG_ANALYZER_NONNULL = YES;
				CLANG_ANALYZER_NUMBER_OBJECT_CONVERSION = YES_AGGRESSIVE;
				CLANG_CXX_LANGUAGE_STANDARD = "gnu++17";
				CLANG_CXX_LIBRARY = "libc++";
				CLANG_ENABLE_MODULES = YES;
				CLANG_ENABLE_OBJC_ARC = YES;
				CLANG_ENABLE_OBJC_WEAK = YES;
				CLANG_WARN_BLOCK_CAPTURE_AUTORELEASING = YES;
				CLANG_WARN_BOOL_CONVERSION = YES;
				CLANG_WARN_COMMA = YES;
				CLANG_WARN_CONSTANT_CONVERSION = YES;
				CLANG_WARN_DEPRECATED_OBJC_IMPLEMENTATIONS = YES;
				CLANG_WARN_DIRECT_OBJC_ISA_USAGE = YES_ERROR;
				CLANG_WARN_DOCUMENTATION_COMMENTS = YES;
				CLANG_WARN_EMPTY_BODY = YES;
				CLANG_WARN_ENUM_CONVERSION = YES;
				CLANG_WARN_INFINITE_RECURSION = YES;
				CLANG_WARN_INT_CONVERSION = YES;
				CLANG_WARN_NON_LITERAL_NULL_CONVERSION = YES;
				CLANG_WARN_OBJC_IMPLICIT_RETAIN_SELF = YES;
				CLANG_WARN_OBJC_LITERAL_CONVERSION = YES;
				CLANG_WARN_OBJC_ROOT_CLASS = YES_ERROR;
				CLANG_WARN_QUOTED_INCLUDE_IN_FRAMEWORK_HEADER = YES;
				CLANG_WARN_RANGE_LOOP_ANALYSIS = YES;
				CLANG_WARN_STRICT_PROTOTYPES = YES;
				CLANG_WARN_SUSPICIOUS_MOVE = YES;
				CLANG_WARN_UNGUARDED_AVAILABILITY = YES_AGGRESSIVE;
				CLANG_WARN_UNREACHABLE_CODE = YES;
				CLANG_WARN__DUPLICATE_METHOD_MATCH = YES;
				COPY_PHASE_STRIP = NO;
				DEBUG_INFORMATION_FORMAT = dwarf;
				ENABLE_STRICT_OBJC_MSGSEND = YES;
				ENABLE_TESTABILITY = YES;
				GCC_C_LANGUAGE_STANDARD = gnu11;
				GCC_DYNAMIC_NO_PIC = NO;
				GCC_NO_COMMON_BLOCKS = YES;
				GCC_OPTIMIZATION_LEVEL = 0;
				GCC_PREPROCESSOR_DEFINITIONS = (
					"DEBUG=1",
					"$(inherited)",
				);
				GCC_WARN_64_TO_32_BIT_CONVERSION = YES;
				GCC_WARN_ABOUT_RETURN_TYPE = YES_ERROR;
				GCC_WARN_UNDECLARED_SELECTOR = YES;
				GCC_WARN_UNINITIALIZED_AUTOS = YES_AGGRESSIVE;
				GCC_WARN_UNUSED_FUNCTION = YES;
				GCC_WARN_UNUSED_VARIABLE = YES;
				IPHONEOS_DEPLOYMENT_TARGET = 15.2;
				MTL_ENABLE_DEBUG_INFO = INCLUDE_SOURCE;
				MTL_FAST_MATH = YES;
				ONLY_ACTIVE_ARCH = YES;
				SDKROOT = iphoneos;
				SWIFT_ACTIVE_COMPILATION_CONDITIONS = DEBUG;
				SWIFT_OPTIMIZATION_LEVEL = "-Onone";
			};
			name = Debug;
		};
		F8B942A127D62D2900DC63A2 /* Release */ = {
			isa = XCBuildConfiguration;
			buildSettings = {
				ALWAYS_SEARCH_USER_PATHS = NO;
				CLANG_ANALYZER_NONNULL = YES;
				CLANG_ANALYZER_NUMBER_OBJECT_CONVERSION = YES_AGGRESSIVE;
				CLANG_CXX_LANGUAGE_STANDARD = "gnu++17";
				CLANG_CXX_LIBRARY = "libc++";
				CLANG_ENABLE_MODULES = YES;
				CLANG_ENABLE_OBJC_ARC = YES;
				CLANG_ENABLE_OBJC_WEAK = YES;
				CLANG_WARN_BLOCK_CAPTURE_AUTORELEASING = YES;
				CLANG_WARN_BOOL_CONVERSION = YES;
				CLANG_WARN_COMMA = YES;
				CLANG_WARN_CONSTANT_CONVERSION = YES;
				CLANG_WARN_DEPRECATED_OBJC_IMPLEMENTATIONS = YES;
				CLANG_WARN_DIRECT_OBJC_ISA_USAGE = YES_ERROR;
				CLANG_WARN_DOCUMENTATION_COMMENTS = YES;
				CLANG_WARN_EMPTY_BODY = YES;
				CLANG_WARN_ENUM_CONVERSION = YES;
				CLANG_WARN_INFINITE_RECURSION = YES;
				CLANG_WARN_INT_CONVERSION = YES;
				CLANG_WARN_NON_LITERAL_NULL_CONVERSION = YES;
				CLANG_WARN_OBJC_IMPLICIT_RETAIN_SELF = YES;
				CLANG_WARN_OBJC_LITERAL_CONVERSION = YES;
				CLANG_WARN_OBJC_ROOT_CLASS = YES_ERROR;
				CLANG_WARN_QUOTED_INCLUDE_IN_FRAMEWORK_HEADER = YES;
				CLANG_WARN_RANGE_LOOP_ANALYSIS = YES;
				CLANG_WARN_STRICT_PROTOTYPES = YES;
				CLANG_WARN_SUSPICIOUS_MOVE = YES;
				CLANG_WARN_UNGUARDED_AVAILABILITY = YES_AGGRESSIVE;
				CLANG_WARN_UNREACHABLE_CODE = YES;
				CLANG_WARN__DUPLICATE_METHOD_MATCH = YES;
				COPY_PHASE_STRIP = NO;
				DEBUG_INFORMATION_FORMAT = "dwarf-with-dsym";
				ENABLE_NS_ASSERTIONS = NO;
				ENABLE_STRICT_OBJC_MSGSEND = YES;
				GCC_C_LANGUAGE_STANDARD = gnu11;
				GCC_NO_COMMON_BLOCKS = YES;
				GCC_WARN_64_TO_32_BIT_CONVERSION = YES;
				GCC_WARN_ABOUT_RETURN_TYPE = YES_ERROR;
				GCC_WARN_UNDECLARED_SELECTOR = YES;
				GCC_WARN_UNINITIALIZED_AUTOS = YES_AGGRESSIVE;
				GCC_WARN_UNUSED_FUNCTION = YES;
				GCC_WARN_UNUSED_VARIABLE = YES;
				IPHONEOS_DEPLOYMENT_TARGET = 15.2;
				MTL_ENABLE_DEBUG_INFO = NO;
				MTL_FAST_MATH = YES;
				SDKROOT = iphoneos;
				SWIFT_COMPILATION_MODE = wholemodule;
				SWIFT_OPTIMIZATION_LEVEL = "-O";
				VALIDATE_PRODUCT = YES;
			};
			name = Release;
		};
		F8B942A327D62D2900DC63A2 /* Debug */ = {
			isa = XCBuildConfiguration;
			buildSettings = {
				ASSETCATALOG_COMPILER_APPICON_NAME = AppIcon;
				ASSETCATALOG_COMPILER_GLOBAL_ACCENT_COLOR_NAME = AccentColor;
				CODE_SIGN_STYLE = Automatic;
				CURRENT_PROJECT_VERSION = 1;
				GENERATE_INFOPLIST_FILE = YES;
				INFOPLIST_FILE = MasterCoin/Info.plist;
				INFOPLIST_KEY_UIApplicationSupportsIndirectInputEvents = YES;
				INFOPLIST_KEY_UILaunchStoryboardName = LaunchScreen;
				INFOPLIST_KEY_UIMainStoryboardFile = Main;
				INFOPLIST_KEY_UISupportedInterfaceOrientations_iPad = "UIInterfaceOrientationPortrait UIInterfaceOrientationPortraitUpsideDown UIInterfaceOrientationLandscapeLeft UIInterfaceOrientationLandscapeRight";
				INFOPLIST_KEY_UISupportedInterfaceOrientations_iPhone = "UIInterfaceOrientationPortrait UIInterfaceOrientationLandscapeLeft UIInterfaceOrientationLandscapeRight";
				LD_RUNPATH_SEARCH_PATHS = (
					"$(inherited)",
					"@executable_path/Frameworks",
				);
				MARKETING_VERSION = 1.0;
				PRODUCT_BUNDLE_IDENTIFIER = com.nikolas.MasterCoin;
				PRODUCT_NAME = "$(TARGET_NAME)";
				SWIFT_EMIT_LOC_STRINGS = YES;
				SWIFT_VERSION = 5.0;
				TARGETED_DEVICE_FAMILY = "1,2";
			};
			name = Debug;
		};
		F8B942A427D62D2900DC63A2 /* Release */ = {
			isa = XCBuildConfiguration;
			buildSettings = {
				ASSETCATALOG_COMPILER_APPICON_NAME = AppIcon;
				ASSETCATALOG_COMPILER_GLOBAL_ACCENT_COLOR_NAME = AccentColor;
				CODE_SIGN_STYLE = Automatic;
				CURRENT_PROJECT_VERSION = 1;
				GENERATE_INFOPLIST_FILE = YES;
				INFOPLIST_FILE = MasterCoin/Info.plist;
				INFOPLIST_KEY_UIApplicationSupportsIndirectInputEvents = YES;
				INFOPLIST_KEY_UILaunchStoryboardName = LaunchScreen;
				INFOPLIST_KEY_UIMainStoryboardFile = Main;
				INFOPLIST_KEY_UISupportedInterfaceOrientations_iPad = "UIInterfaceOrientationPortrait UIInterfaceOrientationPortraitUpsideDown UIInterfaceOrientationLandscapeLeft UIInterfaceOrientationLandscapeRight";
				INFOPLIST_KEY_UISupportedInterfaceOrientations_iPhone = "UIInterfaceOrientationPortrait UIInterfaceOrientationLandscapeLeft UIInterfaceOrientationLandscapeRight";
				LD_RUNPATH_SEARCH_PATHS = (
					"$(inherited)",
					"@executable_path/Frameworks",
				);
				MARKETING_VERSION = 1.0;
				PRODUCT_BUNDLE_IDENTIFIER = com.nikolas.MasterCoin;
				PRODUCT_NAME = "$(TARGET_NAME)";
				SWIFT_EMIT_LOC_STRINGS = YES;
				SWIFT_VERSION = 5.0;
				TARGETED_DEVICE_FAMILY = "1,2";
			};
			name = Release;
		};
		F8B942A627D62D2900DC63A2 /* Debug */ = {
			isa = XCBuildConfiguration;
			buildSettings = {
				ALWAYS_EMBED_SWIFT_STANDARD_LIBRARIES = YES;
				BUNDLE_LOADER = "$(TEST_HOST)";
				CODE_SIGN_STYLE = Automatic;
				CURRENT_PROJECT_VERSION = 1;
				GENERATE_INFOPLIST_FILE = YES;
				IPHONEOS_DEPLOYMENT_TARGET = 15.2;
				MARKETING_VERSION = 1.0;
				PRODUCT_BUNDLE_IDENTIFIER = com.nikolas.MasterCoinTests;
				PRODUCT_NAME = "$(TARGET_NAME)";
				SWIFT_EMIT_LOC_STRINGS = NO;
				SWIFT_VERSION = 5.0;
				TARGETED_DEVICE_FAMILY = "1,2";
				TEST_HOST = "$(BUILT_PRODUCTS_DIR)/MasterCoin.app/MasterCoin";
			};
			name = Debug;
		};
		F8B942A727D62D2900DC63A2 /* Release */ = {
			isa = XCBuildConfiguration;
			buildSettings = {
				ALWAYS_EMBED_SWIFT_STANDARD_LIBRARIES = YES;
				BUNDLE_LOADER = "$(TEST_HOST)";
				CODE_SIGN_STYLE = Automatic;
				CURRENT_PROJECT_VERSION = 1;
				GENERATE_INFOPLIST_FILE = YES;
				IPHONEOS_DEPLOYMENT_TARGET = 15.2;
				MARKETING_VERSION = 1.0;
				PRODUCT_BUNDLE_IDENTIFIER = com.nikolas.MasterCoinTests;
				PRODUCT_NAME = "$(TARGET_NAME)";
				SWIFT_EMIT_LOC_STRINGS = NO;
				SWIFT_VERSION = 5.0;
				TARGETED_DEVICE_FAMILY = "1,2";
				TEST_HOST = "$(BUILT_PRODUCTS_DIR)/MasterCoin.app/MasterCoin";
			};
			name = Release;
		};
		F8B942A927D62D2900DC63A2 /* Debug */ = {
			isa = XCBuildConfiguration;
			buildSettings = {
				ALWAYS_EMBED_SWIFT_STANDARD_LIBRARIES = YES;
				CODE_SIGN_STYLE = Automatic;
				CURRENT_PROJECT_VERSION = 1;
				GENERATE_INFOPLIST_FILE = YES;
				MARKETING_VERSION = 1.0;
				PRODUCT_BUNDLE_IDENTIFIER = com.nikolas.MasterCoinUITests;
				PRODUCT_NAME = "$(TARGET_NAME)";
				SWIFT_EMIT_LOC_STRINGS = NO;
				SWIFT_VERSION = 5.0;
				TARGETED_DEVICE_FAMILY = "1,2";
				TEST_TARGET_NAME = MasterCoin;
			};
			name = Debug;
		};
		F8B942AA27D62D2900DC63A2 /* Release */ = {
			isa = XCBuildConfiguration;
			buildSettings = {
				ALWAYS_EMBED_SWIFT_STANDARD_LIBRARIES = YES;
				CODE_SIGN_STYLE = Automatic;
				CURRENT_PROJECT_VERSION = 1;
				GENERATE_INFOPLIST_FILE = YES;
				MARKETING_VERSION = 1.0;
				PRODUCT_BUNDLE_IDENTIFIER = com.nikolas.MasterCoinUITests;
				PRODUCT_NAME = "$(TARGET_NAME)";
				SWIFT_EMIT_LOC_STRINGS = NO;
				SWIFT_VERSION = 5.0;
				TARGETED_DEVICE_FAMILY = "1,2";
				TEST_TARGET_NAME = MasterCoin;
			};
			name = Release;
		};
/* End XCBuildConfiguration section */

/* Begin XCConfigurationList section */
		F8B9427327D62D2600DC63A2 /* Build configuration list for PBXProject "MasterCoin" */ = {
			isa = XCConfigurationList;
			buildConfigurations = (
				F8B942A027D62D2900DC63A2 /* Debug */,
				F8B942A127D62D2900DC63A2 /* Release */,
			);
			defaultConfigurationIsVisible = 0;
			defaultConfigurationName = Release;
		};
		F8B942A227D62D2900DC63A2 /* Build configuration list for PBXNativeTarget "MasterCoin" */ = {
			isa = XCConfigurationList;
			buildConfigurations = (
				F8B942A327D62D2900DC63A2 /* Debug */,
				F8B942A427D62D2900DC63A2 /* Release */,
			);
			defaultConfigurationIsVisible = 0;
			defaultConfigurationName = Release;
		};
		F8B942A527D62D2900DC63A2 /* Build configuration list for PBXNativeTarget "MasterCoinTests" */ = {
			isa = XCConfigurationList;
			buildConfigurations = (
				F8B942A627D62D2900DC63A2 /* Debug */,
				F8B942A727D62D2900DC63A2 /* Release */,
			);
			defaultConfigurationIsVisible = 0;
			defaultConfigurationName = Release;
		};
		F8B942A827D62D2900DC63A2 /* Build configuration list for PBXNativeTarget "MasterCoinUITests" */ = {
			isa = XCConfigurationList;
			buildConfigurations = (
				F8B942A927D62D2900DC63A2 /* Debug */,
				F8B942AA27D62D2900DC63A2 /* Release */,
			);
			defaultConfigurationIsVisible = 0;
			defaultConfigurationName = Release;
		};
/* End XCConfigurationList section */
	};
	rootObject = F8B9427027D62D2600DC63A2 /* Project object */;
}
